
Microsoft Visual Studio Solution File, Format Version 12.00
# Visual Studio Version 17
VisualStudioVersion = 17.2.32505.173
MinimumVisualStudioVersion = 10.0.40219.1
Project("{FAE04EC0-301F-11D3-BF4B-00C04F79EFBC}") = "LeetCodeV1", "LeetCodeV1\LeetCodeV1.csproj", "{FC5A456F-6229-445E-99CD-7BF0DA85832F}"
EndProject
Global
	GlobalSection(SolutionConfigurationPlatforms) = preSolution
		Debug|Any CPU = Debug|Any CPU
		Release|Any CPU = Release|Any CPU
	EndGlobalSection
	GlobalSection(ProjectConfigurationPlatforms) = postSolution
		{FC5A456F-6229-445E-99CD-7BF0DA85832F}.Debug|Any CPU.ActiveCfg = Debug|Any CPU
		{FC5A456F-6229-445E-99CD-7BF0DA85832F}.Debug|Any CPU.Build.0 = Debug|Any CPU
		{FC5A456F-6229-445E-99CD-7BF0DA85832F}.Release|Any CPU.ActiveCfg = Release|Any CPU
		{FC5A456F-6229-445E-99CD-7BF0DA85832F}.Release|Any CPU.Build.0 = Release|Any CPU
	EndGlobalSection
	GlobalSection(SolutionProperties) = preSolution
		HideSolutionNode = FALSE
	EndGlobalSection
	GlobalSection(ExtensibilityGlobals) = postSolution
		SolutionGuid = {0752D6BC-F6D1-4B00-AF6F-219B7DE1F9BE}
	EndGlobalSection
EndGlobal
